
Microsoft Visual Studio Solution File, Format Version 12.00
# Visual Studio Version 17
VisualStudioVersion = 17.7.34031.279
MinimumVisualStudioVersion = 10.0.40219.1
Project("{FAE04EC0-301F-11D3-BF4B-00C04F79EFBC}") = "DoAn_63134144", "DoAn_63134144\DoAn_63134144.csproj", "{ACBE6E30-FB0C-47ED-A897-AFE29333D3CD}"
EndProject
Global
	GlobalSection(SolutionConfigurationPlatforms) = preSolution
		Debug|Any CPU = Debug|Any CPU
		Release|Any CPU = Release|Any CPU
	EndGlobalSection
	GlobalSection(ProjectConfigurationPlatforms) = postSolution
		{ACBE6E30-FB0C-47ED-A897-AFE29333D3CD}.Debug|Any CPU.ActiveCfg = Debug|Any CPU
		{ACBE6E30-FB0C-47ED-A897-AFE29333D3CD}.Debug|Any CPU.Build.0 = Debug|Any CPU
		{ACBE6E30-FB0C-47ED-A897-AFE29333D3CD}.Release|Any CPU.ActiveCfg = Release|Any CPU
		{ACBE6E30-FB0C-47ED-A897-AFE29333D3CD}.Release|Any CPU.Build.0 = Release|Any CPU
	EndGlobalSection
	GlobalSection(SolutionProperties) = preSolution
		HideSolutionNode = FALSE
	EndGlobalSection
	GlobalSection(ExtensibilityGlobals) = postSolution
		SolutionGuid = {BC650C06-D8F6-4E96-A6DF-E90A9E09CE98}
	EndGlobalSection
EndGlobal
